# This file is generated by running "yarn install" inside your project.
# Manual changes might be lost - proceed with caution!

__metadata:
  version: 8
  cacheKey: 10c0

"astal-shell@workspace:.":
  version: 0.0.0-use.local
  resolution: "astal-shell@workspace:."
  dependencies:
    astal: /nix/store/a03yww4pr8lf6d2b1db6mhnw96x0hj0g-astal-gjs/share/astal/gjs
  languageName: unknown
  linkType: soft

"astal@file:/nix/store/a03yww4pr8lf6d2b1db6mhnw96x0hj0g-astal-gjs/share/astal/gjs::locator=astal-shell%40workspace%3A.":
  version: 0.0.0
  resolution: "astal@file:/nix/store/a03yww4pr8lf6d2b1db6mhnw96x0hj0g-astal-gjs/share/astal/gjs#/nix/store/a03yww4pr8lf6d2b1db6mhnw96x0hj0g-astal-gjs/share/astal/gjs::hash=508877&locator=astal-shell%40workspace%3A."
  checksum: 10c0/ff7bed96386a139db4b54587c5ec219849e798a33c805d44fd401e00a32dec124eaef6125dac6e683744bc789862847bc6f5eab7d471bd81dccac0bc8f878336
  languageName: node
  linkType: hard
